
Microsoft Visual Studio Solution File, Format Version 12.00
# Visual Studio Version 16
VisualStudioVersion = 16.0.30011.22
MinimumVisualStudioVersion = 10.0.40219.1
Project("{FAE04EC0-301F-11D3-BF4B-00C04F79EFBC}") = "ElevenNote.WebAPI", "ElevenNote.WebAPI\ElevenNote.WebAPI.csproj", "{EAA52D0E-2C9A-4777-BD13-3A0F884C547B}"
EndProject
Project("{FAE04EC0-301F-11D3-BF4B-00C04F79EFBC}") = "ElevenNote.Data", "ElevenNote.Data\ElevenNote.Data.csproj", "{1829C070-3376-4D96-9C0F-4C52AECF8B93}"
EndProject
Project("{FAE04EC0-301F-11D3-BF4B-00C04F79EFBC}") = "ElevenNote.Models", "ElevenNote.Models\ElevenNote.Models.csproj", "{FD4FDEF6-24CD-4053-8E15-E9BB3077FD4D}"
EndProject
Project("{FAE04EC0-301F-11D3-BF4B-00C04F79EFBC}") = "ElevenNote.Services", "ElevenNote.Services\ElevenNote.Services.csproj", "{8522CBC1-FDDB-42E1-B270-EF475CDE7188}"
EndProject
Global
	GlobalSection(SolutionConfigurationPlatforms) = preSolution
		Debug|Any CPU = Debug|Any CPU
		Release|Any CPU = Release|Any CPU
	EndGlobalSection
	GlobalSection(ProjectConfigurationPlatforms) = postSolution
		{EAA52D0E-2C9A-4777-BD13-3A0F884C547B}.Debug|Any CPU.ActiveCfg = Debug|Any CPU
		{EAA52D0E-2C9A-4777-BD13-3A0F884C547B}.Debug|Any CPU.Build.0 = Debug|Any CPU
		{EAA52D0E-2C9A-4777-BD13-3A0F884C547B}.Release|Any CPU.ActiveCfg = Release|Any CPU
		{EAA52D0E-2C9A-4777-BD13-3A0F884C547B}.Release|Any CPU.Build.0 = Release|Any CPU
		{1829C070-3376-4D96-9C0F-4C52AECF8B93}.Debug|Any CPU.ActiveCfg = Debug|Any CPU
		{1829C070-3376-4D96-9C0F-4C52AECF8B93}.Debug|Any CPU.Build.0 = Debug|Any CPU
		{1829C070-3376-4D96-9C0F-4C52AECF8B93}.Release|Any CPU.ActiveCfg = Release|Any CPU
		{1829C070-3376-4D96-9C0F-4C52AECF8B93}.Release|Any CPU.Build.0 = Release|Any CPU
		{FD4FDEF6-24CD-4053-8E15-E9BB3077FD4D}.Debug|Any CPU.ActiveCfg = Debug|Any CPU
		{FD4FDEF6-24CD-4053-8E15-E9BB3077FD4D}.Debug|Any CPU.Build.0 = Debug|Any CPU
		{FD4FDEF6-24CD-4053-8E15-E9BB3077FD4D}.Release|Any CPU.ActiveCfg = Release|Any CPU
		{FD4FDEF6-24CD-4053-8E15-E9BB3077FD4D}.Release|Any CPU.Build.0 = Release|Any CPU
		{8522CBC1-FDDB-42E1-B270-EF475CDE7188}.Debug|Any CPU.ActiveCfg = Debug|Any CPU
		{8522CBC1-FDDB-42E1-B270-EF475CDE7188}.Debug|Any CPU.Build.0 = Debug|Any CPU
		{8522CBC1-FDDB-42E1-B270-EF475CDE7188}.Release|Any CPU.ActiveCfg = Release|Any CPU
		{8522CBC1-FDDB-42E1-B270-EF475CDE7188}.Release|Any CPU.Build.0 = Release|Any CPU
	EndGlobalSection
	GlobalSection(SolutionProperties) = preSolution
		HideSolutionNode = FALSE
	EndGlobalSection
	GlobalSection(ExtensibilityGlobals) = postSolution
		SolutionGuid = {D4EED306-9923-4DA0-BBC9-D27DEE2FD6CE}
	EndGlobalSection
EndGlobal
